// !$*UTF8*$!
{
	archiveVersion = 1;
	classes = {
	};
	objectVersion = 77;
	objects = {

/* Begin PBXBuildFile section */
		DB95EE7E2C94E71B00948E4E /* Development.xcconfig in Resources */ = {isa = PBXBuildFile; fileRef = DB95EE7D2C94E71B00948E4E /* Development.xcconfig */; };
		DBCD85AA2C9A478100260BCF /* NetworkLayer in Frameworks */ = {isa = PBXBuildFile; productRef = DBCD85A92C9A478100260BCF /* NetworkLayer */; };
		DBFA1F772C9A486A00DAA207 /* NetworkLayer in Frameworks */ = {isa = PBXBuildFile; productRef = DBFA1F762C9A486A00DAA207 /* NetworkLayer */; };
/* End PBXBuildFile section */

/* Begin PBXContainerItemProxy section */
		DB26FC9B2C84CBEE00A0E628 /* PBXContainerItemProxy */ = {
			isa = PBXContainerItemProxy;
			containerPortal = DB26FC822C84CBEC00A0E628 /* Project object */;
			proxyType = 1;
			remoteGlobalIDString = DB26FC892C84CBEC00A0E628;
			remoteInfo = TMDB;
		};
		DB26FCA52C84CBEE00A0E628 /* PBXContainerItemProxy */ = {
			isa = PBXContainerItemProxy;
			containerPortal = DB26FC822C84CBEC00A0E628 /* Project object */;
			proxyType = 1;
			remoteGlobalIDString = DB26FC892C84CBEC00A0E628;
			remoteInfo = TMDB;
		};
/* End PBXContainerItemProxy section */

/* Begin PBXFileReference section */
		DB26FC8A2C84CBEC00A0E628 /* TMDB.app */ = {isa = PBXFileReference; explicitFileType = wrapper.application; includeInIndex = 0; path = TMDB.app; sourceTree = BUILT_PRODUCTS_DIR; };
		DB26FC9A2C84CBEE00A0E628 /* TMDBTests.xctest */ = {isa = PBXFileReference; explicitFileType = wrapper.cfbundle; includeInIndex = 0; path = TMDBTests.xctest; sourceTree = BUILT_PRODUCTS_DIR; };
		DB26FCA42C84CBEE00A0E628 /* TMDBUITests.xctest */ = {isa = PBXFileReference; explicitFileType = wrapper.cfbundle; includeInIndex = 0; path = TMDBUITests.xctest; sourceTree = BUILT_PRODUCTS_DIR; };
		DB95EE7D2C94E71B00948E4E /* Development.xcconfig */ = {isa = PBXFileReference; lastKnownFileType = text.xcconfig; path = Development.xcconfig; sourceTree = "<group>"; };
/* End PBXFileReference section */

/* Begin PBXFileSystemSynchronizedBuildFileExceptionSet section */
		DB2E19BB2C9A3B1800D47D02 /* Exceptions for "TMDB" folder in "TMDBTests" target */ = {
			isa = PBXFileSystemSynchronizedBuildFileExceptionSet;
			membershipExceptions = (
				Model/MovieDetails.swift,
				Model/MovieDiscover.swift,
				Model/MovieNowPlaying.swift,
				Model/MoviePopular.swift,
				Model/MovieTopRated.swift,
				Model/MovieUpcoming.swift,
				Network/MovieEndpoint.swift,
				Utils/NetworkRequestProtocol.swift,
			);
			target = DB26FC992C84CBEE00A0E628 /* TMDBTests */;
		};
		DB95EE802C94E82A00948E4E /* Exceptions for "TMDB" folder in "TMDB" target */ = {
			isa = PBXFileSystemSynchronizedBuildFileExceptionSet;
			membershipExceptions = (
				Info.plist,
			);
			target = DB26FC892C84CBEC00A0E628 /* TMDB */;
		};
/* End PBXFileSystemSynchronizedBuildFileExceptionSet section */

/* Begin PBXFileSystemSynchronizedRootGroup section */
		DB26FC8C2C84CBEC00A0E628 /* TMDB */ = {
			isa = PBXFileSystemSynchronizedRootGroup;
			exceptions = (
				DB95EE802C94E82A00948E4E /* Exceptions for "TMDB" folder in "TMDB" target */,
				DB2E19BB2C9A3B1800D47D02 /* Exceptions for "TMDB" folder in "TMDBTests" target */,
			);
			path = TMDB;
			sourceTree = "<group>";
		};
		DB26FC9D2C84CBEE00A0E628 /* TMDBTests */ = {
			isa = PBXFileSystemSynchronizedRootGroup;
			path = TMDBTests;
			sourceTree = "<group>";
		};
		DB26FCA72C84CBEE00A0E628 /* TMDBUITests */ = {
			isa = PBXFileSystemSynchronizedRootGroup;
			path = TMDBUITests;
			sourceTree = "<group>";
		};
/* End PBXFileSystemSynchronizedRootGroup section */

/* Begin PBXFrameworksBuildPhase section */
		DB26FC872C84CBEC00A0E628 /* Frameworks */ = {
			isa = PBXFrameworksBuildPhase;
			buildActionMask = 2147483647;
			files = (
				DBCD85AA2C9A478100260BCF /* NetworkLayer in Frameworks */,
			);
			runOnlyForDeploymentPostprocessing = 0;
		};
		DB26FC972C84CBEE00A0E628 /* Frameworks */ = {
			isa = PBXFrameworksBuildPhase;
			buildActionMask = 2147483647;
			files = (
				DBFA1F772C9A486A00DAA207 /* NetworkLayer in Frameworks */,
			);
			runOnlyForDeploymentPostprocessing = 0;
		};
		DB26FCA12C84CBEE00A0E628 /* Frameworks */ = {
			isa = PBXFrameworksBuildPhase;
			buildActionMask = 2147483647;
			files = (
			);
			runOnlyForDeploymentPostprocessing = 0;
		};
/* End PBXFrameworksBuildPhase section */

/* Begin PBXGroup section */
		DB26FC812C84CBEC00A0E628 = {
			isa = PBXGroup;
			children = (
				DB95EE7D2C94E71B00948E4E /* Development.xcconfig */,
				DB26FC8C2C84CBEC00A0E628 /* TMDB */,
				DB26FC9D2C84CBEE00A0E628 /* TMDBTests */,
				DB26FCA72C84CBEE00A0E628 /* TMDBUITests */,
				DB2E19B72C9A3A8C00D47D02 /* Frameworks */,
				DB26FC8B2C84CBEC00A0E628 /* Products */,
			);
			sourceTree = "<group>";
		};
		DB26FC8B2C84CBEC00A0E628 /* Products */ = {
			isa = PBXGroup;
			children = (
				DB26FC8A2C84CBEC00A0E628 /* TMDB.app */,
				DB26FC9A2C84CBEE00A0E628 /* TMDBTests.xctest */,
				DB26FCA42C84CBEE00A0E628 /* TMDBUITests.xctest */,
			);
			name = Products;
			sourceTree = "<group>";
		};
		DB2E19B72C9A3A8C00D47D02 /* Frameworks */ = {
			isa = PBXGroup;
			children = (
			);
			name = Frameworks;
			sourceTree = "<group>";
		};
/* End PBXGroup section */

/* Begin PBXNativeTarget section */
		DB26FC892C84CBEC00A0E628 /* TMDB */ = {
			isa = PBXNativeTarget;
			buildConfigurationList = DB26FCAE2C84CBEE00A0E628 /* Build configuration list for PBXNativeTarget "TMDB" */;
			buildPhases = (
				DB26FC862C84CBEC00A0E628 /* Sources */,
				DB26FC872C84CBEC00A0E628 /* Frameworks */,
				DB26FC882C84CBEC00A0E628 /* Resources */,
			);
			buildRules = (
			);
			dependencies = (
			);
			fileSystemSynchronizedGroups = (
				DB26FC8C2C84CBEC00A0E628 /* TMDB */,
			);
			name = TMDB;
			packageProductDependencies = (
				DBCD85A92C9A478100260BCF /* NetworkLayer */,
			);
			productName = TMDB;
			productReference = DB26FC8A2C84CBEC00A0E628 /* TMDB.app */;
			productType = "com.apple.product-type.application";
		};
		DB26FC992C84CBEE00A0E628 /* TMDBTests */ = {
			isa = PBXNativeTarget;
			buildConfigurationList = DB26FCB12C84CBEE00A0E628 /* Build configuration list for PBXNativeTarget "TMDBTests" */;
			buildPhases = (
				DB26FC962C84CBEE00A0E628 /* Sources */,
				DB26FC972C84CBEE00A0E628 /* Frameworks */,
				DB26FC982C84CBEE00A0E628 /* Resources */,
			);
			buildRules = (
			);
			dependencies = (
				DB26FC9C2C84CBEE00A0E628 /* PBXTargetDependency */,
			);
			fileSystemSynchronizedGroups = (
				DB26FC9D2C84CBEE00A0E628 /* TMDBTests */,
			);
			name = TMDBTests;
			packageProductDependencies = (
				DBFA1F762C9A486A00DAA207 /* NetworkLayer */,
			);
			productName = TMDBTests;
			productReference = DB26FC9A2C84CBEE00A0E628 /* TMDBTests.xctest */;
			productType = "com.apple.product-type.bundle.unit-test";
		};
		DB26FCA32C84CBEE00A0E628 /* TMDBUITests */ = {
			isa = PBXNativeTarget;
			buildConfigurationList = DB26FCB42C84CBEE00A0E628 /* Build configuration list for PBXNativeTarget "TMDBUITests" */;
			buildPhases = (
				DB26FCA02C84CBEE00A0E628 /* Sources */,
				DB26FCA12C84CBEE00A0E628 /* Frameworks */,
				DB26FCA22C84CBEE00A0E628 /* Resources */,
			);
			buildRules = (
			);
			dependencies = (
				DB26FCA62C84CBEE00A0E628 /* PBXTargetDependency */,
			);
			fileSystemSynchronizedGroups = (
				DB26FCA72C84CBEE00A0E628 /* TMDBUITests */,
			);
			name = TMDBUITests;
			packageProductDependencies = (
			);
			productName = TMDBUITests;
			productReference = DB26FCA42C84CBEE00A0E628 /* TMDBUITests.xctest */;
			productType = "com.apple.product-type.bundle.ui-testing";
		};
/* End PBXNativeTarget section */

/* Begin PBXProject section */
		DB26FC822C84CBEC00A0E628 /* Project object */ = {
			isa = PBXProject;
			attributes = {
				BuildIndependentTargetsInParallel = 1;
				LastSwiftUpdateCheck = 1610;
				LastUpgradeCheck = 1610;
				TargetAttributes = {
					DB26FC892C84CBEC00A0E628 = {
						CreatedOnToolsVersion = 16.1;
					};
					DB26FC992C84CBEE00A0E628 = {
						CreatedOnToolsVersion = 16.1;
						TestTargetID = DB26FC892C84CBEC00A0E628;
					};
					DB26FCA32C84CBEE00A0E628 = {
						CreatedOnToolsVersion = 16.1;
						TestTargetID = DB26FC892C84CBEC00A0E628;
					};
				};
			};
			buildConfigurationList = DB26FC852C84CBEC00A0E628 /* Build configuration list for PBXProject "TMDB" */;
			developmentRegion = en;
			hasScannedForEncodings = 0;
			knownRegions = (
				en,
				Base,
			);
			mainGroup = DB26FC812C84CBEC00A0E628;
			minimizedProjectReferenceProxies = 1;
			packageReferences = (
				DBCD85A82C9A478100260BCF /* XCLocalSwiftPackageReference "../NetworkLayer" */,
			);
			preferredProjectObjectVersion = 77;
			productRefGroup = DB26FC8B2C84CBEC00A0E628 /* Products */;
			projectDirPath = "";
			projectRoot = "";
			targets = (
				DB26FC892C84CBEC00A0E628 /* TMDB */,
				DB26FC992C84CBEE00A0E628 /* TMDBTests */,
				DB26FCA32C84CBEE00A0E628 /* TMDBUITests */,
			);
		};
/* End PBXProject section */

/* Begin PBXResourcesBuildPhase section */
		DB26FC882C84CBEC00A0E628 /* Resources */ = {
			isa = PBXResourcesBuildPhase;
			buildActionMask = 2147483647;
			files = (
				DB95EE7E2C94E71B00948E4E /* Development.xcconfig in Resources */,
			);
			runOnlyForDeploymentPostprocessing = 0;
		};
		DB26FC982C84CBEE00A0E628 /* Resources */ = {
			isa = PBXResourcesBuildPhase;
			buildActionMask = 2147483647;
			files = (
			);
			runOnlyForDeploymentPostprocessing = 0;
		};
		DB26FCA22C84CBEE00A0E628 /* Resources */ = {
			isa = PBXResourcesBuildPhase;
			buildActionMask = 2147483647;
			files = (
			);
			runOnlyForDeploymentPostprocessing = 0;
		};
/* End PBXResourcesBuildPhase section */

/* Begin PBXSourcesBuildPhase section */
		DB26FC862C84CBEC00A0E628 /* Sources */ = {
			isa = PBXSourcesBuildPhase;
			buildActionMask = 2147483647;
			files = (
			);
			runOnlyForDeploymentPostprocessing = 0;
		};
		DB26FC962C84CBEE00A0E628 /* Sources */ = {
			isa = PBXSourcesBuildPhase;
			buildActionMask = 2147483647;
			files = (
			);
			runOnlyForDeploymentPostprocessing = 0;
		};
		DB26FCA02C84CBEE00A0E628 /* Sources */ = {
			isa = PBXSourcesBuildPhase;
			buildActionMask = 2147483647;
			files = (
			);
			runOnlyForDeploymentPostprocessing = 0;
		};
/* End PBXSourcesBuildPhase section */

/* Begin PBXTargetDependency section */
		DB26FC9C2C84CBEE00A0E628 /* PBXTargetDependency */ = {
			isa = PBXTargetDependency;
			target = DB26FC892C84CBEC00A0E628 /* TMDB */;
			targetProxy = DB26FC9B2C84CBEE00A0E628 /* PBXContainerItemProxy */;
		};
		DB26FCA62C84CBEE00A0E628 /* PBXTargetDependency */ = {
			isa = PBXTargetDependency;
			target = DB26FC892C84CBEC00A0E628 /* TMDB */;
			targetProxy = DB26FCA52C84CBEE00A0E628 /* PBXContainerItemProxy */;
		};
/* End PBXTargetDependency section */

/* Begin XCBuildConfiguration section */
		DB26FCAC2C84CBEE00A0E628 /* Debug */ = {
			isa = XCBuildConfiguration;
			baseConfigurationReference = DB95EE7D2C94E71B00948E4E /* Development.xcconfig */;
			buildSettings = {
				ALWAYS_SEARCH_USER_PATHS = NO;
				ASSETCATALOG_COMPILER_GENERATE_SWIFT_ASSET_SYMBOL_EXTENSIONS = YES;
				CLANG_ANALYZER_NONNULL = YES;
				CLANG_ANALYZER_NUMBER_OBJECT_CONVERSION = YES_AGGRESSIVE;
				CLANG_CXX_LANGUAGE_STANDARD = "gnu++20";
				CLANG_ENABLE_MODULES = YES;
				CLANG_ENABLE_OBJC_ARC = YES;
				CLANG_ENABLE_OBJC_WEAK = YES;
				CLANG_WARN_BLOCK_CAPTURE_AUTORELEASING = YES;
				CLANG_WARN_BOOL_CONVERSION = YES;
				CLANG_WARN_COMMA = YES;
				CLANG_WARN_CONSTANT_CONVERSION = YES;
				CLANG_WARN_DEPRECATED_OBJC_IMPLEMENTATIONS = YES;
				CLANG_WARN_DIRECT_OBJC_ISA_USAGE = YES_ERROR;
				CLANG_WARN_DOCUMENTATION_COMMENTS = YES;
				CLANG_WARN_EMPTY_BODY = YES;
				CLANG_WARN_ENUM_CONVERSION = YES;
				CLANG_WARN_INFINITE_RECURSION = YES;
				CLANG_WARN_INT_CONVERSION = YES;
				CLANG_WARN_NON_LITERAL_NULL_CONVERSION = YES;
				CLANG_WARN_OBJC_IMPLICIT_RETAIN_SELF = YES;
				CLANG_WARN_OBJC_LITERAL_CONVERSION = YES;
				CLANG_WARN_OBJC_ROOT_CLASS = YES_ERROR;
				CLANG_WARN_QUOTED_INCLUDE_IN_FRAMEWORK_HEADER = YES;
				CLANG_WARN_RANGE_LOOP_ANALYSIS = YES;
				CLANG_WARN_STRICT_PROTOTYPES = YES;
				CLANG_WARN_SUSPICIOUS_MOVE = YES;
				CLANG_WARN_UNGUARDED_AVAILABILITY = YES_AGGRESSIVE;
				CLANG_WARN_UNREACHABLE_CODE = YES;
				CLANG_WARN__DUPLICATE_METHOD_MATCH = YES;
				COPY_PHASE_STRIP = NO;
				DEBUG_INFORMATION_FORMAT = dwarf;
				ENABLE_STRICT_OBJC_MSGSEND = YES;
				ENABLE_TESTABILITY = YES;
				ENABLE_USER_SCRIPT_SANDBOXING = YES;
				GCC_C_LANGUAGE_STANDARD = gnu17;
				GCC_DYNAMIC_NO_PIC = NO;
				GCC_NO_COMMON_BLOCKS = YES;
				GCC_OPTIMIZATION_LEVEL = 0;
				GCC_PREPROCESSOR_DEFINITIONS = (
					"DEBUG=1",
					"$(inherited)",
				);
				GCC_WARN_64_TO_32_BIT_CONVERSION = YES;
				GCC_WARN_ABOUT_RETURN_TYPE = YES_ERROR;
				GCC_WARN_UNDECLARED_SELECTOR = YES;
				GCC_WARN_UNINITIALIZED_AUTOS = YES_AGGRESSIVE;
				GCC_WARN_UNUSED_FUNCTION = YES;
				GCC_WARN_UNUSED_VARIABLE = YES;
				IPHONEOS_DEPLOYMENT_TARGET = 18.1;
				LOCALIZATION_PREFERS_STRING_CATALOGS = YES;
				MTL_ENABLE_DEBUG_INFO = INCLUDE_SOURCE;
				MTL_FAST_MATH = YES;
				ONLY_ACTIVE_ARCH = YES;
				SDKROOT = iphoneos;
				SWIFT_ACTIVE_COMPILATION_CONDITIONS = "DEBUG $(inherited)";
				SWIFT_OPTIMIZATION_LEVEL = "-Onone";
			};
			name = Debug;
		};
		DB26FCAD2C84CBEE00A0E628 /* Release */ = {
			isa = XCBuildConfiguration;
			buildSettings = {
				ALWAYS_SEARCH_USER_PATHS = NO;
				ASSETCATALOG_COMPILER_GENERATE_SWIFT_ASSET_SYMBOL_EXTENSIONS = YES;
				CLANG_ANALYZER_NONNULL = YES;
				CLANG_ANALYZER_NUMBER_OBJECT_CONVERSION = YES_AGGRESSIVE;
				CLANG_CXX_LANGUAGE_STANDARD = "gnu++20";
				CLANG_ENABLE_MODULES = YES;
				CLANG_ENABLE_OBJC_ARC = YES;
				CLANG_ENABLE_OBJC_WEAK = YES;
				CLANG_WARN_BLOCK_CAPTURE_AUTORELEASING = YES;
				CLANG_WARN_BOOL_CONVERSION = YES;
				CLANG_WARN_COMMA = YES;
				CLANG_WARN_CONSTANT_CONVERSION = YES;
				CLANG_WARN_DEPRECATED_OBJC_IMPLEMENTATIONS = YES;
				CLANG_WARN_DIRECT_OBJC_ISA_USAGE = YES_ERROR;
				CLANG_WARN_DOCUMENTATION_COMMENTS = YES;
				CLANG_WARN_EMPTY_BODY = YES;
				CLANG_WARN_ENUM_CONVERSION = YES;
				CLANG_WARN_INFINITE_RECURSION = YES;
				CLANG_WARN_INT_CONVERSION = YES;
				CLANG_WARN_NON_LITERAL_NULL_CONVERSION = YES;
				CLANG_WARN_OBJC_IMPLICIT_RETAIN_SELF = YES;
				CLANG_WARN_OBJC_LITERAL_CONVERSION = YES;
				CLANG_WARN_OBJC_ROOT_CLASS = YES_ERROR;
				CLANG_WARN_QUOTED_INCLUDE_IN_FRAMEWORK_HEADER = YES;
				CLANG_WARN_RANGE_LOOP_ANALYSIS = YES;
				CLANG_WARN_STRICT_PROTOTYPES = YES;
				CLANG_WARN_SUSPICIOUS_MOVE = YES;
				CLANG_WARN_UNGUARDED_AVAILABILITY = YES_AGGRESSIVE;
				CLANG_WARN_UNREACHABLE_CODE = YES;
				CLANG_WARN__DUPLICATE_METHOD_MATCH = YES;
				COPY_PHASE_STRIP = NO;
				DEBUG_INFORMATION_FORMAT = "dwarf-with-dsym";
				ENABLE_NS_ASSERTIONS = NO;
				ENABLE_STRICT_OBJC_MSGSEND = YES;
				ENABLE_USER_SCRIPT_SANDBOXING = YES;
				GCC_C_LANGUAGE_STANDARD = gnu17;
				GCC_NO_COMMON_BLOCKS = YES;
				GCC_WARN_64_TO_32_BIT_CONVERSION = YES;
				GCC_WARN_ABOUT_RETURN_TYPE = YES_ERROR;
				GCC_WARN_UNDECLARED_SELECTOR = YES;
				GCC_WARN_UNINITIALIZED_AUTOS = YES_AGGRESSIVE;
				GCC_WARN_UNUSED_FUNCTION = YES;
				GCC_WARN_UNUSED_VARIABLE = YES;
				IPHONEOS_DEPLOYMENT_TARGET = 18.1;
				LOCALIZATION_PREFERS_STRING_CATALOGS = YES;
				MTL_ENABLE_DEBUG_INFO = NO;
				MTL_FAST_MATH = YES;
				SDKROOT = iphoneos;
				SWIFT_COMPILATION_MODE = wholemodule;
				VALIDATE_PRODUCT = YES;
			};
			name = Release;
		};
		DB26FCAF2C84CBEE00A0E628 /* Debug */ = {
			isa = XCBuildConfiguration;
			baseConfigurationReference = DB95EE7D2C94E71B00948E4E /* Development.xcconfig */;
			buildSettings = {
				ASSETCATALOG_COMPILER_APPICON_NAME = AppIcon;
				ASSETCATALOG_COMPILER_GLOBAL_ACCENT_COLOR_NAME = AccentColor;
				CODE_SIGN_STYLE = Automatic;
				CURRENT_PROJECT_VERSION = 1;
				DEVELOPMENT_ASSET_PATHS = "\"TMDB/Preview Content\"";
				DEVELOPMENT_TEAM = K38SVXTSAA;
				ENABLE_PREVIEWS = YES;
				GENERATE_INFOPLIST_FILE = YES;
				INFOPLIST_FILE = TMDB/Info.plist;
				INFOPLIST_KEY_UIApplicationSceneManifest_Generation = YES;
				INFOPLIST_KEY_UIApplicationSupportsIndirectInputEvents = YES;
				INFOPLIST_KEY_UILaunchScreen_Generation = YES;
				INFOPLIST_KEY_UISupportedInterfaceOrientations_iPad = "UIInterfaceOrientationPortrait UIInterfaceOrientationPortraitUpsideDown UIInterfaceOrientationLandscapeLeft UIInterfaceOrientationLandscapeRight";
				INFOPLIST_KEY_UISupportedInterfaceOrientations_iPhone = "UIInterfaceOrientationPortrait UIInterfaceOrientationLandscapeLeft UIInterfaceOrientationLandscapeRight";
				LD_RUNPATH_SEARCH_PATHS = (
					"$(inherited)",
					"@executable_path/Frameworks",
				);
				MARKETING_VERSION = 1.0;
				PRODUCT_BUNDLE_IDENTIFIER = com.feyyazonur.TMDB;
				PRODUCT_NAME = "$(TARGET_NAME)";
				SWIFT_EMIT_LOC_STRINGS = YES;
				SWIFT_VERSION = 5.0;
				TARGETED_DEVICE_FAMILY = "1,2";
			};
			name = Debug;
		};
		DB26FCB02C84CBEE00A0E628 /* Release */ = {
			isa = XCBuildConfiguration;
			buildSettings = {
				ASSETCATALOG_COMPILER_APPICON_NAME = AppIcon;
				ASSETCATALOG_COMPILER_GLOBAL_ACCENT_COLOR_NAME = AccentColor;
				CODE_SIGN_STYLE = Automatic;
				CURRENT_PROJECT_VERSION = 1;
				DEVELOPMENT_ASSET_PATHS = "\"TMDB/Preview Content\"";
				DEVELOPMENT_TEAM = K38SVXTSAA;
				ENABLE_PREVIEWS = YES;
				GENERATE_INFOPLIST_FILE = YES;
				INFOPLIST_FILE = TMDB/Info.plist;
				INFOPLIST_KEY_UIApplicationSceneManifest_Generation = YES;
				INFOPLIST_KEY_UIApplicationSupportsIndirectInputEvents = YES;
				INFOPLIST_KEY_UILaunchScreen_Generation = YES;
				INFOPLIST_KEY_UISupportedInterfaceOrientations_iPad = "UIInterfaceOrientationPortrait UIInterfaceOrientationPortraitUpsideDown UIInterfaceOrientationLandscapeLeft UIInterfaceOrientationLandscapeRight";
				INFOPLIST_KEY_UISupportedInterfaceOrientations_iPhone = "UIInterfaceOrientationPortrait UIInterfaceOrientationLandscapeLeft UIInterfaceOrientationLandscapeRight";
				LD_RUNPATH_SEARCH_PATHS = (
					"$(inherited)",
					"@executable_path/Frameworks",
				);
				MARKETING_VERSION = 1.0;
				PRODUCT_BUNDLE_IDENTIFIER = com.feyyazonur.TMDB;
				PRODUCT_NAME = "$(TARGET_NAME)";
				SWIFT_EMIT_LOC_STRINGS = YES;
				SWIFT_VERSION = 5.0;
				TARGETED_DEVICE_FAMILY = "1,2";
			};
			name = Release;
		};
		DB26FCB22C84CBEE00A0E628 /* Debug */ = {
			isa = XCBuildConfiguration;
			baseConfigurationReference = DB95EE7D2C94E71B00948E4E /* Development.xcconfig */;
			buildSettings = {
				BUNDLE_LOADER = "$(TEST_HOST)";
				CODE_SIGN_STYLE = Automatic;
				CURRENT_PROJECT_VERSION = 1;
				DEVELOPMENT_TEAM = K38SVXTSAA;
				GENERATE_INFOPLIST_FILE = YES;
				IPHONEOS_DEPLOYMENT_TARGET = 18.1;
				MARKETING_VERSION = 1.0;
				PRODUCT_BUNDLE_IDENTIFIER = com.feyyazonur.TMDBTests;
				PRODUCT_NAME = "$(TARGET_NAME)";
				SWIFT_EMIT_LOC_STRINGS = NO;
				SWIFT_VERSION = 5.0;
				TARGETED_DEVICE_FAMILY = "1,2";
				TEST_HOST = "$(BUILT_PRODUCTS_DIR)/TMDB.app/$(BUNDLE_EXECUTABLE_FOLDER_PATH)/TMDB";
			};
			name = Debug;
		};
		DB26FCB32C84CBEE00A0E628 /* Release */ = {
			isa = XCBuildConfiguration;
			buildSettings = {
				BUNDLE_LOADER = "$(TEST_HOST)";
				CODE_SIGN_STYLE = Automatic;
				CURRENT_PROJECT_VERSION = 1;
				DEVELOPMENT_TEAM = K38SVXTSAA;
				GENERATE_INFOPLIST_FILE = YES;
				IPHONEOS_DEPLOYMENT_TARGET = 18.1;
				MARKETING_VERSION = 1.0;
				PRODUCT_BUNDLE_IDENTIFIER = com.feyyazonur.TMDBTests;
				PRODUCT_NAME = "$(TARGET_NAME)";
				SWIFT_EMIT_LOC_STRINGS = NO;
				SWIFT_VERSION = 5.0;
				TARGETED_DEVICE_FAMILY = "1,2";
				TEST_HOST = "$(BUILT_PRODUCTS_DIR)/TMDB.app/$(BUNDLE_EXECUTABLE_FOLDER_PATH)/TMDB";
			};
			name = Release;
		};
		DB26FCB52C84CBEE00A0E628 /* Debug */ = {
			isa = XCBuildConfiguration;
			baseConfigurationReference = DB95EE7D2C94E71B00948E4E /* Development.xcconfig */;
			buildSettings = {
				CODE_SIGN_STYLE = Automatic;
				CURRENT_PROJECT_VERSION = 1;
				DEVELOPMENT_TEAM = K38SVXTSAA;
				GENERATE_INFOPLIST_FILE = YES;
				MARKETING_VERSION = 1.0;
				PRODUCT_BUNDLE_IDENTIFIER = com.feyyazonur.TMDBUITests;
				PRODUCT_NAME = "$(TARGET_NAME)";
				SWIFT_EMIT_LOC_STRINGS = NO;
				SWIFT_VERSION = 5.0;
				TARGETED_DEVICE_FAMILY = "1,2";
				TEST_TARGET_NAME = TMDB;
			};
			name = Debug;
		};
		DB26FCB62C84CBEE00A0E628 /* Release */ = {
			isa = XCBuildConfiguration;
			buildSettings = {
				CODE_SIGN_STYLE = Automatic;
				CURRENT_PROJECT_VERSION = 1;
				DEVELOPMENT_TEAM = K38SVXTSAA;
				GENERATE_INFOPLIST_FILE = YES;
				MARKETING_VERSION = 1.0;
				PRODUCT_BUNDLE_IDENTIFIER = com.feyyazonur.TMDBUITests;
				PRODUCT_NAME = "$(TARGET_NAME)";
				SWIFT_EMIT_LOC_STRINGS = NO;
				SWIFT_VERSION = 5.0;
				TARGETED_DEVICE_FAMILY = "1,2";
				TEST_TARGET_NAME = TMDB;
			};
			name = Release;
		};
/* End XCBuildConfiguration section */

/* Begin XCConfigurationList section */
		DB26FC852C84CBEC00A0E628 /* Build configuration list for PBXProject "TMDB" */ = {
			isa = XCConfigurationList;
			buildConfigurations = (
				DB26FCAC2C84CBEE00A0E628 /* Debug */,
				DB26FCAD2C84CBEE00A0E628 /* Release */,
			);
			defaultConfigurationIsVisible = 0;
			defaultConfigurationName = Release;
		};
		DB26FCAE2C84CBEE00A0E628 /* Build configuration list for PBXNativeTarget "TMDB" */ = {
			isa = XCConfigurationList;
			buildConfigurations = (
				DB26FCAF2C84CBEE00A0E628 /* Debug */,
				DB26FCB02C84CBEE00A0E628 /* Release */,
			);
			defaultConfigurationIsVisible = 0;
			defaultConfigurationName = Release;
		};
		DB26FCB12C84CBEE00A0E628 /* Build configuration list for PBXNativeTarget "TMDBTests" */ = {
			isa = XCConfigurationList;
			buildConfigurations = (
				DB26FCB22C84CBEE00A0E628 /* Debug */,
				DB26FCB32C84CBEE00A0E628 /* Release */,
			);
			defaultConfigurationIsVisible = 0;
			defaultConfigurationName = Release;
		};
		DB26FCB42C84CBEE00A0E628 /* Build configuration list for PBXNativeTarget "TMDBUITests" */ = {
			isa = XCConfigurationList;
			buildConfigurations = (
				DB26FCB52C84CBEE00A0E628 /* Debug */,
				DB26FCB62C84CBEE00A0E628 /* Release */,
			);
			defaultConfigurationIsVisible = 0;
			defaultConfigurationName = Release;
		};
/* End XCConfigurationList section */

/* Begin XCLocalSwiftPackageReference section */
		DBCD85A82C9A478100260BCF /* XCLocalSwiftPackageReference "../NetworkLayer" */ = {
			isa = XCLocalSwiftPackageReference;
			relativePath = ../NetworkLayer;
		};
/* End XCLocalSwiftPackageReference section */

/* Begin XCSwiftPackageProductDependency section */
		DBCD85A92C9A478100260BCF /* NetworkLayer */ = {
			isa = XCSwiftPackageProductDependency;
			productName = NetworkLayer;
		};
		DBFA1F762C9A486A00DAA207 /* NetworkLayer */ = {
			isa = XCSwiftPackageProductDependency;
			package = DBCD85A82C9A478100260BCF /* XCLocalSwiftPackageReference "../NetworkLayer" */;
			productName = NetworkLayer;
		};
/* End XCSwiftPackageProductDependency section */
	};
	rootObject = DB26FC822C84CBEC00A0E628 /* Project object */;
}
